// !$*UTF8*$!
{
	archiveVersion = 1;
	classes = {
	};
	objectVersion = 44;
	objects = {

/* Begin PBXBuildFile section */
		2508C73C0FBC29A000A18478 /* DropConfig.rb in Resources */ = {isa = PBXBuildFile; fileRef = 2508C73B0FBC29A000A18478 /* DropConfig.rb */; };
		252259C50FC55EB500338235 /* JSON.framework in Frameworks */ = {isa = PBXBuildFile; fileRef = 252259C40FC55EB500338235 /* JSON.framework */; };
		252259CA0FC55ED500338235 /* JSON.framework in CopyFiles */ = {isa = PBXBuildFile; fileRef = 252259C40FC55EB500338235 /* JSON.framework */; };
		25225A060FC5680C00338235 /* DropAsset.rb in Resources */ = {isa = PBXBuildFile; fileRef = 25225A050FC5680C00338235 /* DropAsset.rb */; };
		257CFDE30FCA940500936F68 /* NCXAssetDownloader.m in Sources */ = {isa = PBXBuildFile; fileRef = 257CFDE20FCA940500936F68 /* NCXAssetDownloader.m */; };
		257CFEB40FCAAB3400936F68 /* DropIO.m in Sources */ = {isa = PBXBuildFile; fileRef = 257CFEAD0FCAAB3400936F68 /* DropIO.m */; };
		257CFEB50FCAAB3400936F68 /* DropIOAsset.m in Sources */ = {isa = PBXBuildFile; fileRef = 257CFEAF0FCAAB3400936F68 /* DropIOAsset.m */; };
		257CFEB60FCAAB3400936F68 /* DropIODrop.m in Sources */ = {isa = PBXBuildFile; fileRef = 257CFEB10FCAAB3400936F68 /* DropIODrop.m */; };
		257CFEB70FCAAB3400936F68 /* XMLToObjectParser.m in Sources */ = {isa = PBXBuildFile; fileRef = 257CFEB30FCAAB3400936F68 /* XMLToObjectParser.m */; };
		257CFF1B0FCAD49200936F68 /* MacRuby.framework in Frameworks */ = {isa = PBXBuildFile; fileRef = 257CFF1A0FCAD49200936F68 /* MacRuby.framework */; };
		257CFF1D0FCAD49700936F68 /* MacRuby.framework in CopyFiles */ = {isa = PBXBuildFile; fileRef = 257CFF1A0FCAD49200936F68 /* MacRuby.framework */; };
		257CFF710FCAF4E600936F68 /* NewDropWindowController.rb in Resources */ = {isa = PBXBuildFile; fileRef = 257CFF700FCAF4E600936F68 /* NewDropWindowController.rb */; };
		259D80B40FC5AD310025D8FD /* AssetManagerDelegate.rb in Resources */ = {isa = PBXBuildFile; fileRef = 259D80B30FC5AD310025D8FD /* AssetManagerDelegate.rb */; };
		25B911C50FB9A548006001FB /* vendor in Resources */ = {isa = PBXBuildFile; fileRef = 25B9103D0FB9A548006001FB /* vendor */; };
		25B911CA0FB9A567006001FB /* ApplicationController.rb in Resources */ = {isa = PBXBuildFile; fileRef = 25B911C60FB9A567006001FB /* ApplicationController.rb */; };
		25B911CF0FB9A57B006001FB /* little_drop.tiff in Resources */ = {isa = PBXBuildFile; fileRef = 25B911CE0FB9A57B006001FB /* little_drop.tiff */; };
		25C35A720FCC2B6D00B11405 /* CreateDropOperation.m in Sources */ = {isa = PBXBuildFile; fileRef = 25C35A710FCC2B6D00B11405 /* CreateDropOperation.m */; };
		25E045230FC88B5C00966160 /* NCXFileUploader.m in Sources */ = {isa = PBXBuildFile; fileRef = 25E045220FC88B5C00966160 /* NCXFileUploader.m */; };
		25E8F84D0FCE9BD4003637BB /* Growl Registration Ticket.growlRegDict in Resources */ = {isa = PBXBuildFile; fileRef = 25E8F84C0FCE9BD4003637BB /* Growl Registration Ticket.growlRegDict */; };
		25E8F88D0FCEA0A5003637BB /* Growl.framework in Frameworks */ = {isa = PBXBuildFile; fileRef = 25E8F88C0FCEA0A5003637BB /* Growl.framework */; };
		25E8F8950FCEA0AA003637BB /* Growl.framework in CopyFiles */ = {isa = PBXBuildFile; fileRef = 25E8F88C0FCEA0A5003637BB /* Growl.framework */; };
		25E8F8A60FCEA350003637BB /* GrowlDelegate.rb in Resources */ = {isa = PBXBuildFile; fileRef = 25E8F8A50FCEA350003637BB /* GrowlDelegate.rb */; };
		25E8F8B70FCEAACC003637BB /* Sparkle.framework in Frameworks */ = {isa = PBXBuildFile; fileRef = 25E8F8B60FCEAACC003637BB /* Sparkle.framework */; };
		25E8F8BA0FCEAAD1003637BB /* Sparkle.framework in CopyFiles */ = {isa = PBXBuildFile; fileRef = 25E8F8B60FCEAACC003637BB /* Sparkle.framework */; };
		25E8F8C60FCEACC8003637BB /* update.xml in Resources */ = {isa = PBXBuildFile; fileRef = 25E8F8C50FCEACC8003637BB /* update.xml */; };
		4DE339F70D74FCDD00ADB6EE /* rb_main.rb in Resources */ = {isa = PBXBuildFile; fileRef = 4DE339F60D74FCDD00ADB6EE /* rb_main.rb */; };
		8D11072A0486CEB800E47090 /* MainMenu.nib in Resources */ = {isa = PBXBuildFile; fileRef = 29B97318FDCFA39411CA2CEA /* MainMenu.nib */; };
		8D11072B0486CEB800E47090 /* InfoPlist.strings in Resources */ = {isa = PBXBuildFile; fileRef = 089C165CFE840E0CC02AAC07 /* InfoPlist.strings */; };
		8D11072D0486CEB800E47090 /* main.m in Sources */ = {isa = PBXBuildFile; fileRef = 29B97316FDCFA39411CA2CEA /* main.m */; settings = {ATTRIBUTES = (); }; };
		8D11072F0486CEB800E47090 /* Cocoa.framework in Frameworks */ = {isa = PBXBuildFile; fileRef = 1058C7A1FEA54F0111CA2CBB /* Cocoa.framework */; };
/* End PBXBuildFile section */

/* Begin PBXCopyFilesBuildPhase section */
		252259D30FC55EE000338235 /* CopyFiles */ = {
			isa = PBXCopyFilesBuildPhase;
			buildActionMask = 2147483647;
			dstPath = "";
			dstSubfolderSpec = 10;
			files = (
				25E8F8BA0FCEAAD1003637BB /* Sparkle.framework in CopyFiles */,
				25E8F8950FCEA0AA003637BB /* Growl.framework in CopyFiles */,
				257CFF1D0FCAD49700936F68 /* MacRuby.framework in CopyFiles */,
				252259CA0FC55ED500338235 /* JSON.framework in CopyFiles */,
			);
			runOnlyForDeploymentPostprocessing = 0;
		};
/* End PBXCopyFilesBuildPhase section */

/* Begin PBXFileReference section */
		089C165DFE840E0CC02AAC07 /* English */ = {isa = PBXFileReference; fileEncoding = 10; lastKnownFileType = text.plist.strings; name = English; path = English.lproj/InfoPlist.strings; sourceTree = "<group>"; };
		1058C7A1FEA54F0111CA2CBB /* Cocoa.framework */ = {isa = PBXFileReference; lastKnownFileType = wrapper.framework; name = Cocoa.framework; path = /System/Library/Frameworks/Cocoa.framework; sourceTree = "<absolute>"; };
		13E42FB307B3F0F600E4EEF1 /* CoreData.framework */ = {isa = PBXFileReference; lastKnownFileType = wrapper.framework; name = CoreData.framework; path = /System/Library/Frameworks/CoreData.framework; sourceTree = "<absolute>"; };
		2508C73B0FBC29A000A18478 /* DropConfig.rb */ = {isa = PBXFileReference; fileEncoding = 4; lastKnownFileType = text.script.ruby; path = DropConfig.rb; sourceTree = "<group>"; };
		252259C40FC55EB500338235 /* JSON.framework */ = {isa = PBXFileReference; lastKnownFileType = wrapper.framework; name = JSON.framework; path = ../../../Library/Frameworks/JSON.framework; sourceTree = SOURCE_ROOT; };
		25225A050FC5680C00338235 /* DropAsset.rb */ = {isa = PBXFileReference; fileEncoding = 4; lastKnownFileType = text.script.ruby; path = DropAsset.rb; sourceTree = "<group>"; };
		257CFDE10FCA940500936F68 /* NCXAssetDownloader.h */ = {isa = PBXFileReference; fileEncoding = 4; lastKnownFileType = sourcecode.c.h; path = NCXAssetDownloader.h; sourceTree = "<group>"; };
		257CFDE20FCA940500936F68 /* NCXAssetDownloader.m */ = {isa = PBXFileReference; fileEncoding = 4; lastKnownFileType = sourcecode.c.objc; path = NCXAssetDownloader.m; sourceTree = "<group>"; };
		257CFEAC0FCAAB3400936F68 /* DropIO.h */ = {isa = PBXFileReference; fileEncoding = 4; lastKnownFileType = sourcecode.c.h; path = DropIO.h; sourceTree = "<group>"; };
		257CFEAD0FCAAB3400936F68 /* DropIO.m */ = {isa = PBXFileReference; fileEncoding = 4; lastKnownFileType = sourcecode.c.objc; path = DropIO.m; sourceTree = "<group>"; };
		257CFEAE0FCAAB3400936F68 /* DropIOAsset.h */ = {isa = PBXFileReference; fileEncoding = 4; lastKnownFileType = sourcecode.c.h; path = DropIOAsset.h; sourceTree = "<group>"; };
		257CFEAF0FCAAB3400936F68 /* DropIOAsset.m */ = {isa = PBXFileReference; fileEncoding = 4; lastKnownFileType = sourcecode.c.objc; path = DropIOAsset.m; sourceTree = "<group>"; };
		257CFEB00FCAAB3400936F68 /* DropIODrop.h */ = {isa = PBXFileReference; fileEncoding = 4; lastKnownFileType = sourcecode.c.h; path = DropIODrop.h; sourceTree = "<group>"; };
		257CFEB10FCAAB3400936F68 /* DropIODrop.m */ = {isa = PBXFileReference; fileEncoding = 4; lastKnownFileType = sourcecode.c.objc; path = DropIODrop.m; sourceTree = "<group>"; };
		257CFEB20FCAAB3400936F68 /* XMLToObjectParser.h */ = {isa = PBXFileReference; fileEncoding = 4; lastKnownFileType = sourcecode.c.h; path = XMLToObjectParser.h; sourceTree = "<group>"; };
		257CFEB30FCAAB3400936F68 /* XMLToObjectParser.m */ = {isa = PBXFileReference; fileEncoding = 4; lastKnownFileType = sourcecode.c.objc; path = XMLToObjectParser.m; sourceTree = "<group>"; };
		257CFF1A0FCAD49200936F68 /* MacRuby.framework */ = {isa = PBXFileReference; lastKnownFileType = wrapper.framework; path = MacRuby.framework; sourceTree = "<group>"; };
		257CFF700FCAF4E600936F68 /* NewDropWindowController.rb */ = {isa = PBXFileReference; fileEncoding = 4; lastKnownFileType = text.script.ruby; path = NewDropWindowController.rb; sourceTree = "<group>"; };
		259D80B30FC5AD310025D8FD /* AssetManagerDelegate.rb */ = {isa = PBXFileReference; fileEncoding = 4; lastKnownFileType = text.script.ruby; path = AssetManagerDelegate.rb; sourceTree = "<group>"; };
		25B9103D0FB9A548006001FB /* vendor */ = {isa = PBXFileReference; lastKnownFileType = folder; path = vendor; sourceTree = "<group>"; };
		25B911C60FB9A567006001FB /* ApplicationController.rb */ = {isa = PBXFileReference; fileEncoding = 4; lastKnownFileType = text.script.ruby; path = ApplicationController.rb; sourceTree = "<group>"; };
		25B911CE0FB9A57B006001FB /* little_drop.tiff */ = {isa = PBXFileReference; lastKnownFileType = image.tiff; path = little_drop.tiff; sourceTree = "<group>"; };
		25C35A700FCC2B6D00B11405 /* CreateDropOperation.h */ = {isa = PBXFileReference; fileEncoding = 4; lastKnownFileType = sourcecode.c.h; path = CreateDropOperation.h; sourceTree = "<group>"; };
		25C35A710FCC2B6D00B11405 /* CreateDropOperation.m */ = {isa = PBXFileReference; fileEncoding = 4; lastKnownFileType = sourcecode.c.objc; path = CreateDropOperation.m; sourceTree = "<group>"; };
		25E045210FC88B5C00966160 /* NCXFileUploader.h */ = {isa = PBXFileReference; fileEncoding = 4; lastKnownFileType = sourcecode.c.h; path = NCXFileUploader.h; sourceTree = "<group>"; };
		25E045220FC88B5C00966160 /* NCXFileUploader.m */ = {isa = PBXFileReference; fileEncoding = 4; lastKnownFileType = sourcecode.c.objc; path = NCXFileUploader.m; sourceTree = "<group>"; };
		25E8F84C0FCE9BD4003637BB /* Growl Registration Ticket.growlRegDict */ = {isa = PBXFileReference; fileEncoding = 4; lastKnownFileType = text.xml; path = "Growl Registration Ticket.growlRegDict"; sourceTree = "<group>"; };
		25E8F88C0FCEA0A5003637BB /* Growl.framework */ = {isa = PBXFileReference; lastKnownFileType = wrapper.framework; path = Growl.framework; sourceTree = "<group>"; };
		25E8F8A50FCEA350003637BB /* GrowlDelegate.rb */ = {isa = PBXFileReference; fileEncoding = 4; lastKnownFileType = text.script.ruby; path = GrowlDelegate.rb; sourceTree = "<group>"; };
		25E8F8B60FCEAACC003637BB /* Sparkle.framework */ = {isa = PBXFileReference; lastKnownFileType = wrapper.framework; path = Sparkle.framework; sourceTree = "<group>"; };
		25E8F8C50FCEACC8003637BB /* update.xml */ = {isa = PBXFileReference; fileEncoding = 4; lastKnownFileType = text.xml; path = update.xml; sourceTree = "<group>"; };
		29B97316FDCFA39411CA2CEA /* main.m */ = {isa = PBXFileReference; fileEncoding = 4; lastKnownFileType = sourcecode.c.objc; path = main.m; sourceTree = "<group>"; };
		29B97319FDCFA39411CA2CEA /* English */ = {isa = PBXFileReference; lastKnownFileType = wrapper.nib; name = English; path = English.lproj/MainMenu.nib; sourceTree = "<group>"; };
		29B97324FDCFA39411CA2CEA /* AppKit.framework */ = {isa = PBXFileReference; lastKnownFileType = wrapper.framework; name = AppKit.framework; path = /System/Library/Frameworks/AppKit.framework; sourceTree = "<absolute>"; };
		29B97325FDCFA39411CA2CEA /* Foundation.framework */ = {isa = PBXFileReference; lastKnownFileType = wrapper.framework; name = Foundation.framework; path = /System/Library/Frameworks/Foundation.framework; sourceTree = "<absolute>"; };
		4DE339F60D74FCDD00ADB6EE /* rb_main.rb */ = {isa = PBXFileReference; fileEncoding = 4; lastKnownFileType = text.script.ruby; path = rb_main.rb; sourceTree = "<group>"; };
		8D1107310486CEB800E47090 /* Info.plist */ = {isa = PBXFileReference; fileEncoding = 4; lastKnownFileType = text.plist.xml; path = Info.plist; sourceTree = "<group>"; };
		8D1107320486CEB800E47090 /* Canasto.app */ = {isa = PBXFileReference; explicitFileType = wrapper.application; includeInIndex = 0; path = Canasto.app; sourceTree = BUILT_PRODUCTS_DIR; };
/* End PBXFileReference section */

/* Begin PBXFrameworksBuildPhase section */
		8D11072E0486CEB800E47090 /* Frameworks */ = {
			isa = PBXFrameworksBuildPhase;
			buildActionMask = 2147483647;
			files = (
				8D11072F0486CEB800E47090 /* Cocoa.framework in Frameworks */,
				252259C50FC55EB500338235 /* JSON.framework in Frameworks */,
				257CFF1B0FCAD49200936F68 /* MacRuby.framework in Frameworks */,
				25E8F88D0FCEA0A5003637BB /* Growl.framework in Frameworks */,
				25E8F8B70FCEAACC003637BB /* Sparkle.framework in Frameworks */,
			);
			runOnlyForDeploymentPostprocessing = 0;
		};
/* End PBXFrameworksBuildPhase section */

/* Begin PBXGroup section */
		080E96DDFE201D6D7F000001 /* Classes */ = {
			isa = PBXGroup;
			children = (
				25E8F8A50FCEA350003637BB /* GrowlDelegate.rb */,
				257CFF700FCAF4E600936F68 /* NewDropWindowController.rb */,
				257CFDE10FCA940500936F68 /* NCXAssetDownloader.h */,
				257CFDE20FCA940500936F68 /* NCXAssetDownloader.m */,
				259D80B30FC5AD310025D8FD /* AssetManagerDelegate.rb */,
				25225A050FC5680C00338235 /* DropAsset.rb */,
				2508C73B0FBC29A000A18478 /* DropConfig.rb */,
				25B911C60FB9A567006001FB /* ApplicationController.rb */,
				25E045210FC88B5C00966160 /* NCXFileUploader.h */,
				25E045220FC88B5C00966160 /* NCXFileUploader.m */,
				25C35A700FCC2B6D00B11405 /* CreateDropOperation.h */,
				25C35A710FCC2B6D00B11405 /* CreateDropOperation.m */,
			);
			name = Classes;
			sourceTree = "<group>";
		};
		1058C7A0FEA54F0111CA2CBB /* Linked Frameworks */ = {
			isa = PBXGroup;
			children = (
				25E8F8B60FCEAACC003637BB /* Sparkle.framework */,
				25E8F88C0FCEA0A5003637BB /* Growl.framework */,
				257CFF1A0FCAD49200936F68 /* MacRuby.framework */,
				252259C40FC55EB500338235 /* JSON.framework */,
				1058C7A1FEA54F0111CA2CBB /* Cocoa.framework */,
			);
			name = "Linked Frameworks";
			sourceTree = "<group>";
		};
		1058C7A2FEA54F0111CA2CBB /* Other Frameworks */ = {
			isa = PBXGroup;
			children = (
				29B97324FDCFA39411CA2CEA /* AppKit.framework */,
				13E42FB307B3F0F600E4EEF1 /* CoreData.framework */,
				29B97325FDCFA39411CA2CEA /* Foundation.framework */,
			);
			name = "Other Frameworks";
			sourceTree = "<group>";
		};
		19C28FACFE9D520D11CA2CBB /* Products */ = {
			isa = PBXGroup;
			children = (
				8D1107320486CEB800E47090 /* Canasto.app */,
			);
			name = Products;
			sourceTree = "<group>";
		};
		257CFEAB0FCAAB3400936F68 /* dropkit */ = {
			isa = PBXGroup;
			children = (
				257CFEAC0FCAAB3400936F68 /* DropIO.h */,
				257CFEAD0FCAAB3400936F68 /* DropIO.m */,
				257CFEAE0FCAAB3400936F68 /* DropIOAsset.h */,
				257CFEAF0FCAAB3400936F68 /* DropIOAsset.m */,
				257CFEB00FCAAB3400936F68 /* DropIODrop.h */,
				257CFEB10FCAAB3400936F68 /* DropIODrop.m */,
				257CFEB20FCAAB3400936F68 /* XMLToObjectParser.h */,
				257CFEB30FCAAB3400936F68 /* XMLToObjectParser.m */,
			);
			path = dropkit;
			sourceTree = "<group>";
		};
		29B97314FDCFA39411CA2CEA /* LittleDrop */ = {
			isa = PBXGroup;
			children = (
				080E96DDFE201D6D7F000001 /* Classes */,
				29B97315FDCFA39411CA2CEA /* Other Sources */,
				29B97317FDCFA39411CA2CEA /* Resources */,
				29B97323FDCFA39411CA2CEA /* Frameworks */,
				19C28FACFE9D520D11CA2CBB /* Products */,
			);
			name = LittleDrop;
			sourceTree = "<group>";
		};
		29B97315FDCFA39411CA2CEA /* Other Sources */ = {
			isa = PBXGroup;
			children = (
				257CFEAB0FCAAB3400936F68 /* dropkit */,
				25B9103D0FB9A548006001FB /* vendor */,
				4DE339F60D74FCDD00ADB6EE /* rb_main.rb */,
				29B97316FDCFA39411CA2CEA /* main.m */,
			);
			name = "Other Sources";
			sourceTree = "<group>";
		};
		29B97317FDCFA39411CA2CEA /* Resources */ = {
			isa = PBXGroup;
			children = (
				25E8F8C50FCEACC8003637BB /* update.xml */,
				25B911CE0FB9A57B006001FB /* little_drop.tiff */,
				8D1107310486CEB800E47090 /* Info.plist */,
				089C165CFE840E0CC02AAC07 /* InfoPlist.strings */,
				29B97318FDCFA39411CA2CEA /* MainMenu.nib */,
				25E8F84C0FCE9BD4003637BB /* Growl Registration Ticket.growlRegDict */,
			);
			name = Resources;
			sourceTree = "<group>";
		};
		29B97323FDCFA39411CA2CEA /* Frameworks */ = {
			isa = PBXGroup;
			children = (
				1058C7A0FEA54F0111CA2CBB /* Linked Frameworks */,
				1058C7A2FEA54F0111CA2CBB /* Other Frameworks */,
			);
			name = Frameworks;
			sourceTree = "<group>";
		};
/* End PBXGroup section */

/* Begin PBXNativeTarget section */
		8D1107260486CEB800E47090 /* Canasto */ = {
			isa = PBXNativeTarget;
			buildConfigurationList = C01FCF4A08A954540054247B /* Build configuration list for PBXNativeTarget "Canasto" */;
			buildPhases = (
				8D1107290486CEB800E47090 /* Resources */,
				8D11072C0486CEB800E47090 /* Sources */,
				8D11072E0486CEB800E47090 /* Frameworks */,
				252259D30FC55EE000338235 /* CopyFiles */,
				257CFF310FCAD5F800936F68 /* ShellScript */,
			);
			buildRules = (
			);
			dependencies = (
			);
			name = Canasto;
			productInstallPath = "$(HOME)/Applications";
			productName = LittleDrop;
			productReference = 8D1107320486CEB800E47090 /* Canasto.app */;
			productType = "com.apple.product-type.application";
		};
/* End PBXNativeTarget section */

/* Begin PBXProject section */
		29B97313FDCFA39411CA2CEA /* Project object */ = {
			isa = PBXProject;
			buildConfigurationList = C01FCF4E08A954540054247B /* Build configuration list for PBXProject "Canasto" */;
			compatibilityVersion = "Xcode 3.0";
			hasScannedForEncodings = 1;
			mainGroup = 29B97314FDCFA39411CA2CEA /* LittleDrop */;
			projectDirPath = "";
			projectRoot = "";
			targets = (
				8D1107260486CEB800E47090 /* Canasto */,
			);
		};
/* End PBXProject section */

/* Begin PBXResourcesBuildPhase section */
		8D1107290486CEB800E47090 /* Resources */ = {
			isa = PBXResourcesBuildPhase;
			buildActionMask = 2147483647;
			files = (
				8D11072A0486CEB800E47090 /* MainMenu.nib in Resources */,
				8D11072B0486CEB800E47090 /* InfoPlist.strings in Resources */,
				4DE339F70D74FCDD00ADB6EE /* rb_main.rb in Resources */,
				25B911C50FB9A548006001FB /* vendor in Resources */,
				25B911CA0FB9A567006001FB /* ApplicationController.rb in Resources */,
				25B911CF0FB9A57B006001FB /* little_drop.tiff in Resources */,
				2508C73C0FBC29A000A18478 /* DropConfig.rb in Resources */,
				25225A060FC5680C00338235 /* DropAsset.rb in Resources */,
				259D80B40FC5AD310025D8FD /* AssetManagerDelegate.rb in Resources */,
				257CFF710FCAF4E600936F68 /* NewDropWindowController.rb in Resources */,
				25E8F84D0FCE9BD4003637BB /* Growl Registration Ticket.growlRegDict in Resources */,
				25E8F8A60FCEA350003637BB /* GrowlDelegate.rb in Resources */,
				25E8F8C60FCEACC8003637BB /* update.xml in Resources */,
			);
			runOnlyForDeploymentPostprocessing = 0;
		};
/* End PBXResourcesBuildPhase section */

/* Begin PBXShellScriptBuildPhase section */
		257CFF310FCAD5F800936F68 /* ShellScript */ = {
			isa = PBXShellScriptBuildPhase;
			buildActionMask = 2147483647;
			files = (
			);
			inputPaths = (
			);
			outputPaths = (
			);
			runOnlyForDeploymentPostprocessing = 0;
			shellPath = /bin/sh;
			shellScript = "install_name_tool -change /Library/Frameworks/MacRuby.framework/Versions/0.4/usr/lib/libmacruby.dylib @executable_path/../Frameworks/MacRuby.framework/Versions/0.4/usr/lib/libmacruby.dylib $CONFIGURATION_BUILD_DIR/$EXECUTABLE_PATH";
		};
/* End PBXShellScriptBuildPhase section */

/* Begin PBXSourcesBuildPhase section */
		8D11072C0486CEB800E47090 /* Sources */ = {
			isa = PBXSourcesBuildPhase;
			buildActionMask = 2147483647;
			files = (
				8D11072D0486CEB800E47090 /* main.m in Sources */,
				25E045230FC88B5C00966160 /* NCXFileUploader.m in Sources */,
				257CFDE30FCA940500936F68 /* NCXAssetDownloader.m in Sources */,
				257CFEB40FCAAB3400936F68 /* DropIO.m in Sources */,
				257CFEB50FCAAB3400936F68 /* DropIOAsset.m in Sources */,
				257CFEB60FCAAB3400936F68 /* DropIODrop.m in Sources */,
				257CFEB70FCAAB3400936F68 /* XMLToObjectParser.m in Sources */,
				25C35A720FCC2B6D00B11405 /* CreateDropOperation.m in Sources */,
			);
			runOnlyForDeploymentPostprocessing = 0;
		};
/* End PBXSourcesBuildPhase section */

/* Begin PBXVariantGroup section */
		089C165CFE840E0CC02AAC07 /* InfoPlist.strings */ = {
			isa = PBXVariantGroup;
			children = (
				089C165DFE840E0CC02AAC07 /* English */,
			);
			name = InfoPlist.strings;
			sourceTree = "<group>";
		};
		29B97318FDCFA39411CA2CEA /* MainMenu.nib */ = {
			isa = PBXVariantGroup;
			children = (
				29B97319FDCFA39411CA2CEA /* English */,
			);
			name = MainMenu.nib;
			sourceTree = "<group>";
		};
/* End PBXVariantGroup section */

/* Begin XCBuildConfiguration section */
		C01FCF4B08A954540054247B /* Debug */ = {
			isa = XCBuildConfiguration;
			buildSettings = {
				COPY_PHASE_STRIP = NO;
				FRAMEWORK_SEARCH_PATHS = (
					"$(inherited)",
					"\"$(SRCROOT)\"",
					"\"$(SRCROOT)/../../../Library/Frameworks\"",
					"\"$(SRCROOT)/..\"",
				);
				GCC_DYNAMIC_NO_PIC = NO;
				GCC_ENABLE_FIX_AND_CONTINUE = YES;
				GCC_MODEL_TUNING = G5;
				GCC_OPTIMIZATION_LEVEL = 0;
				GCC_PRECOMPILE_PREFIX_HEADER = YES;
				INFOPLIST_FILE = Info.plist;
				INSTALL_PATH = "$(HOME)/Applications";
				PRODUCT_NAME = Canasto;
				WRAPPER_EXTENSION = app;
				ZERO_LINK = YES;
			};
			name = Debug;
		};
		C01FCF4C08A954540054247B /* Release */ = {
			isa = XCBuildConfiguration;
			buildSettings = {
				DEBUG_INFORMATION_FORMAT = "dwarf-with-dsym";
				FRAMEWORK_SEARCH_PATHS = (
					"$(inherited)",
					"\"$(SRCROOT)\"",
					"\"$(SRCROOT)/../../../Library/Frameworks\"",
					"\"$(SRCROOT)/..\"",
				);
				GCC_MODEL_TUNING = G5;
				GCC_PRECOMPILE_PREFIX_HEADER = YES;
				INFOPLIST_FILE = Info.plist;
				INSTALL_PATH = "$(HOME)/Applications";
				PRODUCT_NAME = Canasto;
				WRAPPER_EXTENSION = app;
			};
			name = Release;
		};
		C01FCF4F08A954540054247B /* Debug */ = {
			isa = XCBuildConfiguration;
			buildSettings = {
				ARCHS = "$(NATIVE_ARCH)";
				GCC_ENABLE_OBJC_GC = required;
				GCC_WARN_ABOUT_RETURN_TYPE = YES;
				GCC_WARN_UNUSED_VARIABLE = YES;
				ONLY_ACTIVE_ARCH = YES;
				PREBINDING = NO;
				SDKROOT = "$(DEVELOPER_SDK_DIR)/MacOSX10.5.sdk";
			};
			name = Debug;
		};
		C01FCF5008A954540054247B /* Release */ = {
			isa = XCBuildConfiguration;
			buildSettings = {
				ARCHS = "$(NATIVE_ARCH)";
				GCC_ENABLE_OBJC_GC = required;
				GCC_WARN_ABOUT_RETURN_TYPE = YES;
				GCC_WARN_UNUSED_VARIABLE = YES;
				ONLY_ACTIVE_ARCH = YES;
				PREBINDING = NO;
				SDKROOT = "$(DEVELOPER_SDK_DIR)/MacOSX10.5.sdk";
			};
			name = Release;
		};
/* End XCBuildConfiguration section */

/* Begin XCConfigurationList section */
		C01FCF4A08A954540054247B /* Build configuration list for PBXNativeTarget "Canasto" */ = {
			isa = XCConfigurationList;
			buildConfigurations = (
				C01FCF4B08A954540054247B /* Debug */,
				C01FCF4C08A954540054247B /* Release */,
			);
			defaultConfigurationIsVisible = 0;
			defaultConfigurationName = Release;
		};
		C01FCF4E08A954540054247B /* Build configuration list for PBXProject "Canasto" */ = {
			isa = XCConfigurationList;
			buildConfigurations = (
				C01FCF4F08A954540054247B /* Debug */,
				C01FCF5008A954540054247B /* Release */,
			);
			defaultConfigurationIsVisible = 0;
			defaultConfigurationName = Release;
		};
/* End XCConfigurationList section */
	};
	rootObject = 29B97313FDCFA39411CA2CEA /* Project object */;
}
